
Microsoft Visual Studio Solution File, Format Version 12.00
# Visual Studio Version 16
VisualStudioVersion = 16.0.28803.352
MinimumVisualStudioVersion = 10.0.40219.1
Project("{FAE04EC0-301F-11D3-BF4B-00C04F79EFBC}") = "fangleinew", "fangleinew.csproj", "{138F25A5-1774-492B-9F78-6AEBFA3F9200}"
EndProject
Project("{FAE04EC0-301F-11D3-BF4B-00C04F79EFBC}") = "表格分层", "..\表格分层\表格分层.csproj", "{9C31D60B-7846-4B6B-BFBC-D7B0C7FDDCC8}"
EndProject
Global
	GlobalSection(SolutionConfigurationPlatforms) = preSolution
		Debug|Any CPU = Debug|Any CPU
		Release|Any CPU = Release|Any CPU
	EndGlobalSection
	GlobalSection(ProjectConfigurationPlatforms) = postSolution
		{138F25A5-1774-492B-9F78-6AEBFA3F9200}.Debug|Any CPU.ActiveCfg = Debug|Any CPU
		{138F25A5-1774-492B-9F78-6AEBFA3F9200}.Debug|Any CPU.Build.0 = Debug|Any CPU
		{138F25A5-1774-492B-9F78-6AEBFA3F9200}.Release|Any CPU.ActiveCfg = Release|Any CPU
		{138F25A5-1774-492B-9F78-6AEBFA3F9200}.Release|Any CPU.Build.0 = Release|Any CPU
		{9C31D60B-7846-4B6B-BFBC-D7B0C7FDDCC8}.Debug|Any CPU.ActiveCfg = Debug|Any CPU
		{9C31D60B-7846-4B6B-BFBC-D7B0C7FDDCC8}.Debug|Any CPU.Build.0 = Debug|Any CPU
		{9C31D60B-7846-4B6B-BFBC-D7B0C7FDDCC8}.Release|Any CPU.ActiveCfg = Release|Any CPU
		{9C31D60B-7846-4B6B-BFBC-D7B0C7FDDCC8}.Release|Any CPU.Build.0 = Release|Any CPU
	EndGlobalSection
	GlobalSection(SolutionProperties) = preSolution
		HideSolutionNode = FALSE
	EndGlobalSection
	GlobalSection(ExtensibilityGlobals) = postSolution
		SolutionGuid = {C7EEF924-0EE6-4A91-A6A8-C23C1F4E320C}
	EndGlobalSection
EndGlobal
